{
	"name": "@dsbunny/dam-schema",
	"version": "11.1.0",
	"lockfileVersion": 3,
	"requires": true,
	"packages": {
		"": {
			"name": "@dsbunny/dam-schema",
			"version": "11.1.0",
			"license": "MIT",
			"dependencies": {
				"@dsbunny/metadata": "github:dsbunny/metadata#023b004",
				"zod": "^3.23.8"
			},
			"devDependencies": {
				"typescript": "^5.5.3"
			}
		},
		"node_modules/@dsbunny/metadata": {
			"version": "5.1.13",
			"resolved": "git+ssh://git@github.com/dsbunny/metadata.git#023b00497bd21478516c00176297f5c7a6c0ff0b",
			"license": "MIT",
			"dependencies": {
				"zod": "^3.22.4"
			}
		},
		"node_modules/typescript": {
			"version": "5.7.3",
			"resolved": "https://registry.npmjs.org/typescript/-/typescript-5.7.3.tgz",
			"integrity": "sha512-84MVSjMEHP+FQRPy3pX9sTVV/INIex71s9TL2Gm5FG/WG1SqXeKyZ0k7/blY/4FdOzI12CBy1vGc4og/eus0fw==",
			"dev": true,
			"license": "Apache-2.0",
			"bin": {
				"tsc": "bin/tsc",
				"tsserver": "bin/tsserver"
			},
			"engines": {
				"node": ">=14.17"
			}
		},
		"node_modules/zod": {
			"version": "3.24.1",
			"resolved": "https://registry.npmjs.org/zod/-/zod-3.24.1.tgz",
			"integrity": "sha512-muH7gBL9sI1nciMZV67X5fTKKBLtwpZ5VBp1vsOQzj1MhrBZ4wlVCm3gedKZWLp0Oyel8sIGfeiz54Su+OVT+A==",
			"license": "MIT",
			"funding": {
				"url": "https://github.com/sponsors/colinhacks"
			}
		}
	}
}
