{
	"name": "@dsbunny/dam-schema",
	"version": "14.3.11",
	"lockfileVersion": 3,
	"requires": true,
	"packages": {
		"": {
			"name": "@dsbunny/dam-schema",
			"version": "14.3.11",
			"license": "MIT",
			"devDependencies": {
				"@dsbunny/metadata-schema": "github:dsbunny/metadata-schema#7faadd3",
				"typescript": "^5.9.3",
				"zod": "^4.1.12"
			},
			"peerDependencies": {
				"@dsbunny/metadata-schema": "github:dsbunny/metadata-schema",
				"zod": "^4.0.0"
			}
		},
		"node_modules/@dsbunny/ktx-schema": {
			"version": "1.1.2",
			"resolved": "git+ssh://git@github.com/dsbunny/ktx-schema.git#c15aa2ae7b8cc59b643956d097c20678df46290f",
			"dev": true,
			"license": "MIT",
			"peer": true,
			"peerDependencies": {
				"zod": "^4.0.0"
			}
		},
		"node_modules/@dsbunny/metadata-schema": {
			"version": "8.2.20",
			"resolved": "git+ssh://git@github.com/dsbunny/metadata-schema.git#7faadd3c38a0c6dda0a6af30261d565dfdd591d0",
			"dev": true,
			"license": "MIT",
			"peerDependencies": {
				"@dsbunny/ktx-schema": "github:dsbunny/ktx-schema",
				"zod": "^4.0.0"
			}
		},
		"node_modules/typescript": {
			"version": "5.9.3",
			"resolved": "https://registry.npmjs.org/typescript/-/typescript-5.9.3.tgz",
			"integrity": "sha512-jl1vZzPDinLr9eUt3J/t7V6FgNEw9QjvBPdysz9KfQDD41fQrC2Y4vKQdiaUpFT4bXlb1RHhLpp8wtm6M5TgSw==",
			"dev": true,
			"license": "Apache-2.0",
			"bin": {
				"tsc": "bin/tsc",
				"tsserver": "bin/tsserver"
			},
			"engines": {
				"node": ">=14.17"
			}
		},
		"node_modules/zod": {
			"version": "4.1.12",
			"resolved": "https://registry.npmjs.org/zod/-/zod-4.1.12.tgz",
			"integrity": "sha512-JInaHOamG8pt5+Ey8kGmdcAcg3OL9reK8ltczgHTAwNhMys/6ThXHityHxVV2p3fkw/c+MAvBHFVYHFZDmjMCQ==",
			"dev": true,
			"license": "MIT",
			"funding": {
				"url": "https://github.com/sponsors/colinhacks"
			}
		}
	}
}
