{
	"name": "@dsbunny/dam-schema",
	"version": "15.1.13",
	"lockfileVersion": 3,
	"requires": true,
	"packages": {
		"": {
			"name": "@dsbunny/dam-schema",
			"version": "15.1.13",
			"license": "MIT",
			"devDependencies": {
				"@dsbunny/metadata-schema": "github:dsbunny/metadata-schema#87456bf",
				"typescript": "^5.9.3",
				"zod": "^4.1.12"
			},
			"peerDependencies": {
				"@dsbunny/metadata-schema": "github:dsbunny/metadata-schema",
				"zod": "^4.0.0"
			}
		},
		"node_modules/@dsbunny/ktx-schema": {
			"version": "1.1.2",
			"resolved": "git+ssh://git@github.com/dsbunny/ktx-schema.git#fd82bbd349cc222808fd00353b0b53d3c809897e",
			"dev": true,
			"license": "MIT",
			"peer": true,
			"peerDependencies": {
				"zod": "^4.0.0"
			}
		},
		"node_modules/@dsbunny/metadata-schema": {
			"version": "8.2.20",
			"resolved": "git+ssh://git@github.com/dsbunny/metadata-schema.git#87456bfe3192ef7542342e114e2c80b33f9b00e5",
			"dev": true,
			"license": "MIT",
			"peerDependencies": {
				"@dsbunny/ktx-schema": "github:dsbunny/ktx-schema",
				"zod": "^4.0.0"
			}
		},
		"node_modules/typescript": {
			"version": "5.9.3",
			"resolved": "https://registry.npmjs.org/typescript/-/typescript-5.9.3.tgz",
			"integrity": "sha512-jl1vZzPDinLr9eUt3J/t7V6FgNEw9QjvBPdysz9KfQDD41fQrC2Y4vKQdiaUpFT4bXlb1RHhLpp8wtm6M5TgSw==",
			"dev": true,
			"license": "Apache-2.0",
			"bin": {
				"tsc": "bin/tsc",
				"tsserver": "bin/tsserver"
			},
			"engines": {
				"node": ">=14.17"
			}
		},
		"node_modules/zod": {
			"version": "4.1.13",
			"resolved": "https://registry.npmjs.org/zod/-/zod-4.1.13.tgz",
			"integrity": "sha512-AvvthqfqrAhNH9dnfmrfKzX5upOdjUVJYFqNSlkmGf64gRaTzlPwz99IHYnVs28qYAybvAlBV+H7pn0saFY4Ig==",
			"dev": true,
			"license": "MIT",
			"peer": true,
			"funding": {
				"url": "https://github.com/sponsors/colinhacks"
			}
		}
	}
}
