lockfileVersion: '9.0'

settings:
  autoInstallPeers: true
  excludeLinksFromLockfile: false

importers:

  .:
    dependencies:
      '@dsbunny/metadata':
        specifier: github:dsbunny/metadata#08364fd
        version: https://codeload.github.com/dsbunny/metadata/tar.gz/08364fd
      zod:
        specifier: ^3.23.8
        version: 3.24.2
    devDependencies:
      typescript:
        specifier: ^5.5.3
        version: 5.8.3

packages:

  '@dsbunny/metadata@https://codeload.github.com/dsbunny/metadata/tar.gz/08364fd':
    resolution: {tarball: https://codeload.github.com/dsbunny/metadata/tar.gz/08364fd}
    version: 7.0.15

  typescript@5.8.3:
    resolution: {integrity: sha512-p1diW6TqL9L07nNxvRMM7hMMw4c5XOo/1ibL4aAIGmSAt9slTE1Xgw5KWuof2uTOvCg9BY7ZRi+GaF+7sfgPeQ==}
    engines: {node: '>=14.17'}
    hasBin: true

  zod@3.24.2:
    resolution: {integrity: sha512-lY7CDW43ECgW9u1TcT3IoXHflywfVqDYze4waEz812jR/bZ8FHDsl7pFQoSZTz5N+2NqRXs8GBwnAwo3ZNxqhQ==}

snapshots:

  '@dsbunny/metadata@https://codeload.github.com/dsbunny/metadata/tar.gz/08364fd':
    dependencies:
      zod: 3.24.2

  typescript@5.8.3: {}

  zod@3.24.2: {}
